// !$*UTF8*$!
{
	archiveVersion = 1;
	classes = {
	};
	objectVersion = 50;
	objects = {

/* Begin PBXBuildFile section */
		047B7140263B14390041DC76 /* AppDelegate.swift in Sources */ = {isa = PBXBuildFile; fileRef = 047B713F263B14390041DC76 /* AppDelegate.swift */; };
		047B7142263B14390041DC76 /* SceneDelegate.swift in Sources */ = {isa = PBXBuildFile; fileRef = 047B7141263B14390041DC76 /* SceneDelegate.swift */; };
		047B7144263B14390041DC76 /* ViewController.swift in Sources */ = {isa = PBXBuildFile; fileRef = 047B7143263B14390041DC76 /* ViewController.swift */; };
		047B7147263B14390041DC76 /* Main.storyboard in Resources */ = {isa = PBXBuildFile; fileRef = 047B7145263B14390041DC76 /* Main.storyboard */; };
		047B7149263B143E0041DC76 /* Assets.xcassets in Resources */ = {isa = PBXBuildFile; fileRef = 047B7148263B143E0041DC76 /* Assets.xcassets */; };
		047B714C263B143E0041DC76 /* LaunchScreen.storyboard in Resources */ = {isa = PBXBuildFile; fileRef = 047B714A263B143E0041DC76 /* LaunchScreen.storyboard */; };
		04D3298D263B2414007D0119 /* ViewControllerViewModel.swift in Sources */ = {isa = PBXBuildFile; fileRef = 04D3298C263B2414007D0119 /* ViewControllerViewModel.swift */; };
		04D3298F263B2470007D0119 /* test-task.js in Resources */ = {isa = PBXBuildFile; fileRef = 04D3298E263B246F007D0119 /* test-task.js */; };
		04D32991263B35A5007D0119 /* JSFunctionCaller.swift in Sources */ = {isa = PBXBuildFile; fileRef = 04D32990263B35A5007D0119 /* JSFunctionCaller.swift */; };
/* End PBXBuildFile section */

/* Begin PBXFileReference section */
		047B713C263B14390041DC76 /* ProgressShowingApp.app */ = {isa = PBXFileReference; explicitFileType = wrapper.application; includeInIndex = 0; path = ProgressShowingApp.app; sourceTree = BUILT_PRODUCTS_DIR; };
		047B713F263B14390041DC76 /* AppDelegate.swift */ = {isa = PBXFileReference; lastKnownFileType = sourcecode.swift; path = AppDelegate.swift; sourceTree = "<group>"; };
		047B7141263B14390041DC76 /* SceneDelegate.swift */ = {isa = PBXFileReference; lastKnownFileType = sourcecode.swift; path = SceneDelegate.swift; sourceTree = "<group>"; };
		047B7143263B14390041DC76 /* ViewController.swift */ = {isa = PBXFileReference; lastKnownFileType = sourcecode.swift; path = ViewController.swift; sourceTree = "<group>"; };
		047B7146263B14390041DC76 /* Base */ = {isa = PBXFileReference; lastKnownFileType = file.storyboard; name = Base; path = Base.lproj/Main.storyboard; sourceTree = "<group>"; };
		047B7148263B143E0041DC76 /* Assets.xcassets */ = {isa = PBXFileReference; lastKnownFileType = folder.assetcatalog; path = Assets.xcassets; sourceTree = "<group>"; };
		047B714B263B143E0041DC76 /* Base */ = {isa = PBXFileReference; lastKnownFileType = file.storyboard; name = Base; path = Base.lproj/LaunchScreen.storyboard; sourceTree = "<group>"; };
		047B714D263B143E0041DC76 /* Info.plist */ = {isa = PBXFileReference; lastKnownFileType = text.plist.xml; path = Info.plist; sourceTree = "<group>"; };
		04D3298C263B2414007D0119 /* ViewControllerViewModel.swift */ = {isa = PBXFileReference; lastKnownFileType = sourcecode.swift; path = ViewControllerViewModel.swift; sourceTree = "<group>"; };
		04D3298E263B246F007D0119 /* test-task.js */ = {isa = PBXFileReference; fileEncoding = 4; lastKnownFileType = sourcecode.javascript; path = "test-task.js"; sourceTree = "<group>"; };
		04D32990263B35A5007D0119 /* JSFunctionCaller.swift */ = {isa = PBXFileReference; lastKnownFileType = sourcecode.swift; path = JSFunctionCaller.swift; sourceTree = "<group>"; };
/* End PBXFileReference section */

/* Begin PBXFrameworksBuildPhase section */
		047B7139263B14390041DC76 /* Frameworks */ = {
			isa = PBXFrameworksBuildPhase;
			buildActionMask = 2147483647;
			files = (
			);
			runOnlyForDeploymentPostprocessing = 0;
		};
/* End PBXFrameworksBuildPhase section */

/* Begin PBXGroup section */
		047B7133263B14390041DC76 = {
			isa = PBXGroup;
			children = (
				047B713E263B14390041DC76 /* ProgressShowingApp */,
				047B713D263B14390041DC76 /* Products */,
			);
			sourceTree = "<group>";
		};
		047B713D263B14390041DC76 /* Products */ = {
			isa = PBXGroup;
			children = (
				047B713C263B14390041DC76 /* ProgressShowingApp.app */,
			);
			name = Products;
			sourceTree = "<group>";
		};
		047B713E263B14390041DC76 /* ProgressShowingApp */ = {
			isa = PBXGroup;
			children = (
				047B713F263B14390041DC76 /* AppDelegate.swift */,
				047B7141263B14390041DC76 /* SceneDelegate.swift */,
				047B7143263B14390041DC76 /* ViewController.swift */,
				04D3298C263B2414007D0119 /* ViewControllerViewModel.swift */,
				04D32990263B35A5007D0119 /* JSFunctionCaller.swift */,
				04D3298E263B246F007D0119 /* test-task.js */,
				047B7145263B14390041DC76 /* Main.storyboard */,
				047B7148263B143E0041DC76 /* Assets.xcassets */,
				047B714A263B143E0041DC76 /* LaunchScreen.storyboard */,
				047B714D263B143E0041DC76 /* Info.plist */,
			);
			path = ProgressShowingApp;
			sourceTree = "<group>";
		};
/* End PBXGroup section */

/* Begin PBXNativeTarget section */
		047B713B263B14390041DC76 /* ProgressShowingApp */ = {
			isa = PBXNativeTarget;
			buildConfigurationList = 047B7150263B143E0041DC76 /* Build configuration list for PBXNativeTarget "ProgressShowingApp" */;
			buildPhases = (
				047B7138263B14390041DC76 /* Sources */,
				047B7139263B14390041DC76 /* Frameworks */,
				047B713A263B14390041DC76 /* Resources */,
			);
			buildRules = (
			);
			dependencies = (
			);
			name = ProgressShowingApp;
			productName = ProgressShowingApp;
			productReference = 047B713C263B14390041DC76 /* ProgressShowingApp.app */;
			productType = "com.apple.product-type.application";
		};
/* End PBXNativeTarget section */

/* Begin PBXProject section */
		047B7134263B14390041DC76 /* Project object */ = {
			isa = PBXProject;
			attributes = {
				LastSwiftUpdateCheck = 1160;
				LastUpgradeCheck = 1160;
				ORGANIZATIONNAME = RV;
				TargetAttributes = {
					047B713B263B14390041DC76 = {
						CreatedOnToolsVersion = 11.6;
					};
				};
			};
			buildConfigurationList = 047B7137263B14390041DC76 /* Build configuration list for PBXProject "ProgressShowingApp" */;
			compatibilityVersion = "Xcode 9.3";
			developmentRegion = en;
			hasScannedForEncodings = 0;
			knownRegions = (
				en,
				Base,
			);
			mainGroup = 047B7133263B14390041DC76;
			productRefGroup = 047B713D263B14390041DC76 /* Products */;
			projectDirPath = "";
			projectRoot = "";
			targets = (
				047B713B263B14390041DC76 /* ProgressShowingApp */,
			);
		};
/* End PBXProject section */

/* Begin PBXResourcesBuildPhase section */
		047B713A263B14390041DC76 /* Resources */ = {
			isa = PBXResourcesBuildPhase;
			buildActionMask = 2147483647;
			files = (
				047B714C263B143E0041DC76 /* LaunchScreen.storyboard in Resources */,
				047B7149263B143E0041DC76 /* Assets.xcassets in Resources */,
				047B7147263B14390041DC76 /* Main.storyboard in Resources */,
				04D3298F263B2470007D0119 /* test-task.js in Resources */,
			);
			runOnlyForDeploymentPostprocessing = 0;
		};
/* End PBXResourcesBuildPhase section */

/* Begin PBXSourcesBuildPhase section */
		047B7138263B14390041DC76 /* Sources */ = {
			isa = PBXSourcesBuildPhase;
			buildActionMask = 2147483647;
			files = (
				047B7144263B14390041DC76 /* ViewController.swift in Sources */,
				047B7140263B14390041DC76 /* AppDelegate.swift in Sources */,
				047B7142263B14390041DC76 /* SceneDelegate.swift in Sources */,
				04D3298D263B2414007D0119 /* ViewControllerViewModel.swift in Sources */,
				04D32991263B35A5007D0119 /* JSFunctionCaller.swift in Sources */,
			);
			runOnlyForDeploymentPostprocessing = 0;
		};
/* End PBXSourcesBuildPhase section */

/* Begin PBXVariantGroup section */
		047B7145263B14390041DC76 /* Main.storyboard */ = {
			isa = PBXVariantGroup;
			children = (
				047B7146263B14390041DC76 /* Base */,
			);
			name = Main.storyboard;
			sourceTree = "<group>";
		};
		047B714A263B143E0041DC76 /* LaunchScreen.storyboard */ = {
			isa = PBXVariantGroup;
			children = (
				047B714B263B143E0041DC76 /* Base */,
			);
			name = LaunchScreen.storyboard;
			sourceTree = "<group>";
		};
/* End PBXVariantGroup section */

/* Begin XCBuildConfiguration section */
		047B714E263B143E0041DC76 /* Debug */ = {
			isa = XCBuildConfiguration;
			buildSettings = {
				ALWAYS_SEARCH_USER_PATHS = NO;
				CLANG_ANALYZER_NONNULL = YES;
				CLANG_ANALYZER_NUMBER_OBJECT_CONVERSION = YES_AGGRESSIVE;
				CLANG_CXX_LANGUAGE_STANDARD = "gnu++14";
				CLANG_CXX_LIBRARY = "libc++";
				CLANG_ENABLE_MODULES = YES;
				CLANG_ENABLE_OBJC_ARC = YES;
				CLANG_ENABLE_OBJC_WEAK = YES;
				CLANG_WARN_BLOCK_CAPTURE_AUTORELEASING = YES;
				CLANG_WARN_BOOL_CONVERSION = YES;
				CLANG_WARN_COMMA = YES;
				CLANG_WARN_CONSTANT_CONVERSION = YES;
				CLANG_WARN_DEPRECATED_OBJC_IMPLEMENTATIONS = YES;
				CLANG_WARN_DIRECT_OBJC_ISA_USAGE = YES_ERROR;
				CLANG_WARN_DOCUMENTATION_COMMENTS = YES;
				CLANG_WARN_EMPTY_BODY = YES;
				CLANG_WARN_ENUM_CONVERSION = YES;
				CLANG_WARN_INFINITE_RECURSION = YES;
				CLANG_WARN_INT_CONVERSION = YES;
				CLANG_WARN_NON_LITERAL_NULL_CONVERSION = YES;
				CLANG_WARN_OBJC_IMPLICIT_RETAIN_SELF = YES;
				CLANG_WARN_OBJC_LITERAL_CONVERSION = YES;
				CLANG_WARN_OBJC_ROOT_CLASS = YES_ERROR;
				CLANG_WARN_RANGE_LOOP_ANALYSIS = YES;
				CLANG_WARN_STRICT_PROTOTYPES = YES;
				CLANG_WARN_SUSPICIOUS_MOVE = YES;
				CLANG_WARN_UNGUARDED_AVAILABILITY = YES_AGGRESSIVE;
				CLANG_WARN_UNREACHABLE_CODE = YES;
				CLANG_WARN__DUPLICATE_METHOD_MATCH = YES;
				COPY_PHASE_STRIP = NO;
				DEBUG_INFORMATION_FORMAT = dwarf;
				ENABLE_STRICT_OBJC_MSGSEND = YES;
				ENABLE_TESTABILITY = YES;
				GCC_C_LANGUAGE_STANDARD = gnu11;
				GCC_DYNAMIC_NO_PIC = NO;
				GCC_NO_COMMON_BLOCKS = YES;
				GCC_OPTIMIZATION_LEVEL = 0;
				GCC_PREPROCESSOR_DEFINITIONS = (
					"DEBUG=1",
					"$(inherited)",
				);
				GCC_WARN_64_TO_32_BIT_CONVERSION = YES;
				GCC_WARN_ABOUT_RETURN_TYPE = YES_ERROR;
				GCC_WARN_UNDECLARED_SELECTOR = YES;
				GCC_WARN_UNINITIALIZED_AUTOS = YES_AGGRESSIVE;
				GCC_WARN_UNUSED_FUNCTION = YES;
				GCC_WARN_UNUSED_VARIABLE = YES;
				IPHONEOS_DEPLOYMENT_TARGET = 13.0;
				MTL_ENABLE_DEBUG_INFO = INCLUDE_SOURCE;
				MTL_FAST_MATH = YES;
				ONLY_ACTIVE_ARCH = YES;
				SDKROOT = iphoneos;
				SWIFT_ACTIVE_COMPILATION_CONDITIONS = DEBUG;
				SWIFT_OPTIMIZATION_LEVEL = "-Onone";
			};
			name = Debug;
		};
		047B714F263B143E0041DC76 /* Release */ = {
			isa = XCBuildConfiguration;
			buildSettings = {
				ALWAYS_SEARCH_USER_PATHS = NO;
				CLANG_ANALYZER_NONNULL = YES;
				CLANG_ANALYZER_NUMBER_OBJECT_CONVERSION = YES_AGGRESSIVE;
				CLANG_CXX_LANGUAGE_STANDARD = "gnu++14";
				CLANG_CXX_LIBRARY = "libc++";
				CLANG_ENABLE_MODULES = YES;
				CLANG_ENABLE_OBJC_ARC = YES;
				CLANG_ENABLE_OBJC_WEAK = YES;
				CLANG_WARN_BLOCK_CAPTURE_AUTORELEASING = YES;
				CLANG_WARN_BOOL_CONVERSION = YES;
				CLANG_WARN_COMMA = YES;
				CLANG_WARN_CONSTANT_CONVERSION = YES;
				CLANG_WARN_DEPRECATED_OBJC_IMPLEMENTATIONS = YES;
				CLANG_WARN_DIRECT_OBJC_ISA_USAGE = YES_ERROR;
				CLANG_WARN_DOCUMENTATION_COMMENTS = YES;
				CLANG_WARN_EMPTY_BODY = YES;
				CLANG_WARN_ENUM_CONVERSION = YES;
				CLANG_WARN_INFINITE_RECURSION = YES;
				CLANG_WARN_INT_CONVERSION = YES;
				CLANG_WARN_NON_LITERAL_NULL_CONVERSION = YES;
				CLANG_WARN_OBJC_IMPLICIT_RETAIN_SELF = YES;
				CLANG_WARN_OBJC_LITERAL_CONVERSION = YES;
				CLANG_WARN_OBJC_ROOT_CLASS = YES_ERROR;
				CLANG_WARN_RANGE_LOOP_ANALYSIS = YES;
				CLANG_WARN_STRICT_PROTOTYPES = YES;
				CLANG_WARN_SUSPICIOUS_MOVE = YES;
				CLANG_WARN_UNGUARDED_AVAILABILITY = YES_AGGRESSIVE;
				CLANG_WARN_UNREACHABLE_CODE = YES;
				CLANG_WARN__DUPLICATE_METHOD_MATCH = YES;
				COPY_PHASE_STRIP = NO;
				DEBUG_INFORMATION_FORMAT = "dwarf-with-dsym";
				ENABLE_NS_ASSERTIONS = NO;
				ENABLE_STRICT_OBJC_MSGSEND = YES;
				GCC_C_LANGUAGE_STANDARD = gnu11;
				GCC_NO_COMMON_BLOCKS = YES;
				GCC_WARN_64_TO_32_BIT_CONVERSION = YES;
				GCC_WARN_ABOUT_RETURN_TYPE = YES_ERROR;
				GCC_WARN_UNDECLARED_SELECTOR = YES;
				GCC_WARN_UNINITIALIZED_AUTOS = YES_AGGRESSIVE;
				GCC_WARN_UNUSED_FUNCTION = YES;
				GCC_WARN_UNUSED_VARIABLE = YES;
				IPHONEOS_DEPLOYMENT_TARGET = 13.0;
				MTL_ENABLE_DEBUG_INFO = NO;
				MTL_FAST_MATH = YES;
				SDKROOT = iphoneos;
				SWIFT_COMPILATION_MODE = wholemodule;
				SWIFT_OPTIMIZATION_LEVEL = "-O";
				VALIDATE_PRODUCT = YES;
			};
			name = Release;
		};
		047B7151263B143E0041DC76 /* Debug */ = {
			isa = XCBuildConfiguration;
			buildSettings = {
				ASSETCATALOG_COMPILER_APPICON_NAME = AppIcon;
				CODE_SIGN_STYLE = Automatic;
				INFOPLIST_FILE = ProgressShowingApp/Info.plist;
				LD_RUNPATH_SEARCH_PATHS = (
					"$(inherited)",
					"@executable_path/Frameworks",
				);
				PRODUCT_BUNDLE_IDENTIFIER = RV.ProgressShowingApp;
				PRODUCT_NAME = "$(TARGET_NAME)";
				SWIFT_VERSION = 5.0;
				TARGETED_DEVICE_FAMILY = "1,2";
			};
			name = Debug;
		};
		047B7152263B143E0041DC76 /* Release */ = {
			isa = XCBuildConfiguration;
			buildSettings = {
				ASSETCATALOG_COMPILER_APPICON_NAME = AppIcon;
				CODE_SIGN_STYLE = Automatic;
				INFOPLIST_FILE = ProgressShowingApp/Info.plist;
				LD_RUNPATH_SEARCH_PATHS = (
					"$(inherited)",
					"@executable_path/Frameworks",
				);
				PRODUCT_BUNDLE_IDENTIFIER = RV.ProgressShowingApp;
				PRODUCT_NAME = "$(TARGET_NAME)";
				SWIFT_VERSION = 5.0;
				TARGETED_DEVICE_FAMILY = "1,2";
			};
			name = Release;
		};
/* End XCBuildConfiguration section */

/* Begin XCConfigurationList section */
		047B7137263B14390041DC76 /* Build configuration list for PBXProject "ProgressShowingApp" */ = {
			isa = XCConfigurationList;
			buildConfigurations = (
				047B714E263B143E0041DC76 /* Debug */,
				047B714F263B143E0041DC76 /* Release */,
			);
			defaultConfigurationIsVisible = 0;
			defaultConfigurationName = Release;
		};
		047B7150263B143E0041DC76 /* Build configuration list for PBXNativeTarget "ProgressShowingApp" */ = {
			isa = XCConfigurationList;
			buildConfigurations = (
				047B7151263B143E0041DC76 /* Debug */,
				047B7152263B143E0041DC76 /* Release */,
			);
			defaultConfigurationIsVisible = 0;
			defaultConfigurationName = Release;
		};
/* End XCConfigurationList section */
	};
	rootObject = 047B7134263B14390041DC76 /* Project object */;
}
